
Microsoft Visual Studio Solution File, Format Version 12.00
# Visual Studio 15
VisualStudioVersion = 15.0.27703.2000
MinimumVisualStudioVersion = 10.0.40219.1
Project("{9A19103F-16F7-4668-BE54-9A1E7A4F7556}") = "UnitTestCoder.Core", "UnitTestCoder.Core\UnitTestCoder.Core.csproj", "{C7A71255-4333-4894-B217-1A062FD992FE}"
EndProject
Project("{9A19103F-16F7-4668-BE54-9A1E7A4F7556}") = "UnitTestCoder.Shouldly", "UnitTestCoder.Shouldly\UnitTestCoder.Shouldly.csproj", "{A2972DAA-959D-455C-899B-1B1083D74C2E}"
EndProject
Project("{9A19103F-16F7-4668-BE54-9A1E7A4F7556}") = "UnitTestCoder.Core.Tests", "UnitTestCoder.Core.Tests\UnitTestCoder.Core.Tests.csproj", "{C89B0D51-A79E-410F-B324-46FB3B229FDD}"
EndProject
Project("{9A19103F-16F7-4668-BE54-9A1E7A4F7556}") = "UnitTestCoder.Shouldly.Tests", "UnitTestCoder.Shouldly.Tests\UnitTestCoder.Shouldly.Tests.csproj", "{AB81C9DD-7661-43B4-9B5E-03453D5946A6}"
EndProject
Project("{FAE04EC0-301F-11D3-BF4B-00C04F79EFBC}") = "UnitTestCoder.Demo", "UnitTestCoder.Demo\UnitTestCoder.Demo.csproj", "{FE92CFA8-A110-4A8D-8111-C1A64FF16241}"
EndProject
Project("{FAE04EC0-301F-11D3-BF4B-00C04F79EFBC}") = "UnitTestCoder.Population", "UnitTestCoder.Population\UnitTestCoder.Population.csproj", "{61917F99-9EC5-4231-B9DF-05D22F5CC4F3}"
EndProject
Project("{FAE04EC0-301F-11D3-BF4B-00C04F79EFBC}") = "UnitTestCoder.Population.Tests", "UnitTestCoder.Population.Tests\UnitTestCoder.Population.Tests.csproj", "{349AFBAD-7EFE-46AC-83EB-FE11A0D880EE}"
EndProject
Global
	GlobalSection(SolutionConfigurationPlatforms) = preSolution
		Debug|Any CPU = Debug|Any CPU
		Release|Any CPU = Release|Any CPU
	EndGlobalSection
	GlobalSection(ProjectConfigurationPlatforms) = postSolution
		{C7A71255-4333-4894-B217-1A062FD992FE}.Debug|Any CPU.ActiveCfg = Debug|Any CPU
		{C7A71255-4333-4894-B217-1A062FD992FE}.Debug|Any CPU.Build.0 = Debug|Any CPU
		{C7A71255-4333-4894-B217-1A062FD992FE}.Release|Any CPU.ActiveCfg = Release|Any CPU
		{C7A71255-4333-4894-B217-1A062FD992FE}.Release|Any CPU.Build.0 = Release|Any CPU
		{A2972DAA-959D-455C-899B-1B1083D74C2E}.Debug|Any CPU.ActiveCfg = Debug|Any CPU
		{A2972DAA-959D-455C-899B-1B1083D74C2E}.Debug|Any CPU.Build.0 = Debug|Any CPU
		{A2972DAA-959D-455C-899B-1B1083D74C2E}.Release|Any CPU.ActiveCfg = Release|Any CPU
		{A2972DAA-959D-455C-899B-1B1083D74C2E}.Release|Any CPU.Build.0 = Release|Any CPU
		{C89B0D51-A79E-410F-B324-46FB3B229FDD}.Debug|Any CPU.ActiveCfg = Debug|Any CPU
		{C89B0D51-A79E-410F-B324-46FB3B229FDD}.Debug|Any CPU.Build.0 = Debug|Any CPU
		{C89B0D51-A79E-410F-B324-46FB3B229FDD}.Release|Any CPU.ActiveCfg = Release|Any CPU
		{C89B0D51-A79E-410F-B324-46FB3B229FDD}.Release|Any CPU.Build.0 = Release|Any CPU
		{AB81C9DD-7661-43B4-9B5E-03453D5946A6}.Debug|Any CPU.ActiveCfg = Debug|Any CPU
		{AB81C9DD-7661-43B4-9B5E-03453D5946A6}.Debug|Any CPU.Build.0 = Debug|Any CPU
		{AB81C9DD-7661-43B4-9B5E-03453D5946A6}.Release|Any CPU.ActiveCfg = Release|Any CPU
		{AB81C9DD-7661-43B4-9B5E-03453D5946A6}.Release|Any CPU.Build.0 = Release|Any CPU
		{FE92CFA8-A110-4A8D-8111-C1A64FF16241}.Debug|Any CPU.ActiveCfg = Debug|Any CPU
		{FE92CFA8-A110-4A8D-8111-C1A64FF16241}.Debug|Any CPU.Build.0 = Debug|Any CPU
		{FE92CFA8-A110-4A8D-8111-C1A64FF16241}.Release|Any CPU.ActiveCfg = Release|Any CPU
		{FE92CFA8-A110-4A8D-8111-C1A64FF16241}.Release|Any CPU.Build.0 = Release|Any CPU
		{61917F99-9EC5-4231-B9DF-05D22F5CC4F3}.Debug|Any CPU.ActiveCfg = Debug|Any CPU
		{61917F99-9EC5-4231-B9DF-05D22F5CC4F3}.Debug|Any CPU.Build.0 = Debug|Any CPU
		{61917F99-9EC5-4231-B9DF-05D22F5CC4F3}.Release|Any CPU.ActiveCfg = Release|Any CPU
		{61917F99-9EC5-4231-B9DF-05D22F5CC4F3}.Release|Any CPU.Build.0 = Release|Any CPU
		{349AFBAD-7EFE-46AC-83EB-FE11A0D880EE}.Debug|Any CPU.ActiveCfg = Debug|Any CPU
		{349AFBAD-7EFE-46AC-83EB-FE11A0D880EE}.Debug|Any CPU.Build.0 = Debug|Any CPU
		{349AFBAD-7EFE-46AC-83EB-FE11A0D880EE}.Release|Any CPU.ActiveCfg = Release|Any CPU
		{349AFBAD-7EFE-46AC-83EB-FE11A0D880EE}.Release|Any CPU.Build.0 = Release|Any CPU
	EndGlobalSection
	GlobalSection(SolutionProperties) = preSolution
		HideSolutionNode = FALSE
	EndGlobalSection
	GlobalSection(ExtensibilityGlobals) = postSolution
		SolutionGuid = {47B35D0F-330A-41D1-BA81-ADA0131B513F}
	EndGlobalSection
EndGlobal
